
Microsoft Visual Studio Solution File, Format Version 12.00
# Visual Studio 15
VisualStudioVersion = 15.0.27520.0
MinimumVisualStudioVersion = 10.0.40219.1
Project("{FAE04EC0-301F-11D3-BF4B-00C04F79EFBC}") = "WriteFileStructureToText", "WriteFileStructureToText\WriteFileStructureToText.csproj", "{64E0681F-3740-416A-8C74-646EB93A0AB2}"
EndProject
Global
	GlobalSection(SolutionConfigurationPlatforms) = preSolution
		Debug|Any CPU = Debug|Any CPU
		Release|Any CPU = Release|Any CPU
	EndGlobalSection
	GlobalSection(ProjectConfigurationPlatforms) = postSolution
		{64E0681F-3740-416A-8C74-646EB93A0AB2}.Debug|Any CPU.ActiveCfg = Debug|Any CPU
		{64E0681F-3740-416A-8C74-646EB93A0AB2}.Debug|Any CPU.Build.0 = Debug|Any CPU
		{64E0681F-3740-416A-8C74-646EB93A0AB2}.Release|Any CPU.ActiveCfg = Release|Any CPU
		{64E0681F-3740-416A-8C74-646EB93A0AB2}.Release|Any CPU.Build.0 = Release|Any CPU
	EndGlobalSection
	GlobalSection(SolutionProperties) = preSolution
		HideSolutionNode = FALSE
	EndGlobalSection
	GlobalSection(ExtensibilityGlobals) = postSolution
		SolutionGuid = {E2865884-298B-4ED1-9ABD-F36CA0A08BC3}
	EndGlobalSection
EndGlobal
